
Microsoft Visual Studio Solution File, Format Version 12.00
# Visual Studio Version 17
VisualStudioVersion = 17.4.33213.308
MinimumVisualStudioVersion = 10.0.40219.1
Project("{FAE04EC0-301F-11D3-BF4B-00C04F79EFBC}") = "Loxifi.Retry", "Loxifi.Retry.csproj", "{5D5C52C1-605C-4C71-AD21-AFDF37806A6F}"
EndProject
Project("{FAE04EC0-301F-11D3-BF4B-00C04F79EFBC}") = "Loxifi.Retry.Tests", "Tests\Loxifi.Retry.Tests.csproj", "{87AD17FC-18B8-4F9F-8B8D-673DDD2B6FF0}"
EndProject
Global
	GlobalSection(SolutionConfigurationPlatforms) = preSolution
		Debug|Any CPU = Debug|Any CPU
		Release|Any CPU = Release|Any CPU
	EndGlobalSection
	GlobalSection(ProjectConfigurationPlatforms) = postSolution
		{5D5C52C1-605C-4C71-AD21-AFDF37806A6F}.Debug|Any CPU.ActiveCfg = Debug|Any CPU
		{5D5C52C1-605C-4C71-AD21-AFDF37806A6F}.Debug|Any CPU.Build.0 = Debug|Any CPU
		{5D5C52C1-605C-4C71-AD21-AFDF37806A6F}.Release|Any CPU.ActiveCfg = Release|Any CPU
		{5D5C52C1-605C-4C71-AD21-AFDF37806A6F}.Release|Any CPU.Build.0 = Release|Any CPU
		{87AD17FC-18B8-4F9F-8B8D-673DDD2B6FF0}.Debug|Any CPU.ActiveCfg = Debug|Any CPU
		{87AD17FC-18B8-4F9F-8B8D-673DDD2B6FF0}.Debug|Any CPU.Build.0 = Debug|Any CPU
		{87AD17FC-18B8-4F9F-8B8D-673DDD2B6FF0}.Release|Any CPU.ActiveCfg = Release|Any CPU
		{87AD17FC-18B8-4F9F-8B8D-673DDD2B6FF0}.Release|Any CPU.Build.0 = Release|Any CPU
	EndGlobalSection
	GlobalSection(SolutionProperties) = preSolution
		HideSolutionNode = FALSE
	EndGlobalSection
	GlobalSection(ExtensibilityGlobals) = postSolution
		SolutionGuid = {B8E9A181-8E9B-4226-8C5C-5CDC5EF938FB}
	EndGlobalSection
EndGlobal
